
Microsoft Visual Studio Solution File, Format Version 12.00
# Visual Studio Version 17
VisualStudioVersion = 17.5.33530.505
MinimumVisualStudioVersion = 10.0.40219.1
Project("{FAE04EC0-301F-11D3-BF4B-00C04F79EFBC}") = "CRC_Calculator", "CRC_Calculator\CRC_Calculator.csproj", "{16000898-CF64-47F8-B26A-00E1CF666A58}"
EndProject
Global
	GlobalSection(SolutionConfigurationPlatforms) = preSolution
		Debug|Any CPU = Debug|Any CPU
		Release|Any CPU = Release|Any CPU
	EndGlobalSection
	GlobalSection(ProjectConfigurationPlatforms) = postSolution
		{16000898-CF64-47F8-B26A-00E1CF666A58}.Debug|Any CPU.ActiveCfg = Debug|Any CPU
		{16000898-CF64-47F8-B26A-00E1CF666A58}.Debug|Any CPU.Build.0 = Debug|Any CPU
		{16000898-CF64-47F8-B26A-00E1CF666A58}.Release|Any CPU.ActiveCfg = Release|Any CPU
		{16000898-CF64-47F8-B26A-00E1CF666A58}.Release|Any CPU.Build.0 = Release|Any CPU
	EndGlobalSection
	GlobalSection(SolutionProperties) = preSolution
		HideSolutionNode = FALSE
	EndGlobalSection
	GlobalSection(ExtensibilityGlobals) = postSolution
		SolutionGuid = {DA9F4125-2E26-432F-B4EC-5B04C6AC5502}
	EndGlobalSection
EndGlobal
